
Microsoft Visual Studio Solution File, Format Version 12.00
# Visual Studio Version 17
VisualStudioVersion = 17.2.32505.173
MinimumVisualStudioVersion = 10.0.40219.1
Project("{9A19103F-16F7-4668-BE54-9A1E7A4F7556}") = "VIATECH", "VIATECH.csproj", "{074E1D00-8ABD-4BA4-B9D5-507191AF8A63}"
EndProject
Global
	GlobalSection(SolutionConfigurationPlatforms) = preSolution
		Debug|Any CPU = Debug|Any CPU
		Release|Any CPU = Release|Any CPU
	EndGlobalSection
	GlobalSection(ProjectConfigurationPlatforms) = postSolution
		{074E1D00-8ABD-4BA4-B9D5-507191AF8A63}.Debug|Any CPU.ActiveCfg = Debug|Any CPU
		{074E1D00-8ABD-4BA4-B9D5-507191AF8A63}.Debug|Any CPU.Build.0 = Debug|Any CPU
		{074E1D00-8ABD-4BA4-B9D5-507191AF8A63}.Release|Any CPU.ActiveCfg = Release|Any CPU
		{074E1D00-8ABD-4BA4-B9D5-507191AF8A63}.Release|Any CPU.Build.0 = Release|Any CPU
	EndGlobalSection
	GlobalSection(SolutionProperties) = preSolution
		HideSolutionNode = FALSE
	EndGlobalSection
	GlobalSection(ExtensibilityGlobals) = postSolution
		SolutionGuid = {3EC91736-CC8F-4538-A739-29AAA6E54AB0}
	EndGlobalSection
EndGlobal
